
Microsoft Visual Studio Solution File, Format Version 12.00
# Visual Studio Version 16
VisualStudioVersion = 16.0.31410.357
MinimumVisualStudioVersion = 10.0.40219.1
Project("{FAE04EC0-301F-11D3-BF4B-00C04F79EFBC}") = "iCopiedGit", "iCopiedGit\iCopiedGit.csproj", "{03F072D9-6F7B-40D3-9E34-90D7AC39DC84}"
EndProject
Global
	GlobalSection(SolutionConfigurationPlatforms) = preSolution
		Debug|Any CPU = Debug|Any CPU
		Release|Any CPU = Release|Any CPU
	EndGlobalSection
	GlobalSection(ProjectConfigurationPlatforms) = postSolution
		{03F072D9-6F7B-40D3-9E34-90D7AC39DC84}.Debug|Any CPU.ActiveCfg = Debug|Any CPU
		{03F072D9-6F7B-40D3-9E34-90D7AC39DC84}.Debug|Any CPU.Build.0 = Debug|Any CPU
		{03F072D9-6F7B-40D3-9E34-90D7AC39DC84}.Release|Any CPU.ActiveCfg = Release|Any CPU
		{03F072D9-6F7B-40D3-9E34-90D7AC39DC84}.Release|Any CPU.Build.0 = Release|Any CPU
	EndGlobalSection
	GlobalSection(SolutionProperties) = preSolution
		HideSolutionNode = FALSE
	EndGlobalSection
	GlobalSection(ExtensibilityGlobals) = postSolution
		SolutionGuid = {28230DB8-107A-4DD7-A274-51DCE7412E75}
	EndGlobalSection
EndGlobal
